// !$*UTF8*$!
{
	archiveVersion = 1;
	classes = {
	};
	objectVersion = 77;
	objects = {

/* Begin PBXContainerItemProxy section */
		BE03D8E12FC44EAA0078AAB9 /* PBXContainerItemProxy */ = {
			isa = PBXContainerItemProxy;
			containerPortal = BE03D8CB2FC44EA90078AAB9 /* Project object */;
			proxyType = 1;
			remoteGlobalIDString = BE03D8D22FC44EA90078AAB9;
			remoteInfo = SecureAuthSampleApp;
		};
		BE03D8EB2FC44EAA0078AAB9 /* PBXContainerItemProxy */ = {
			isa = PBXContainerItemProxy;
			containerPortal = BE03D8CB2FC44EA90078AAB9 /* Project object */;
			proxyType = 1;
			remoteGlobalIDString = BE03D8D22FC44EA90078AAB9;
			remoteInfo = SecureAuthSampleApp;
		};
/* End PBXContainerItemProxy section */

/* Begin PBXFileReference section */
		BE03D8D32FC44EA90078AAB9 /* SecureAuthSampleApp.app */ = {isa = PBXFileReference; explicitFileType = wrapper.application; includeInIndex = 0; path = SecureAuthSampleApp.app; sourceTree = BUILT_PRODUCTS_DIR; };
		BE03D8E02FC44EAA0078AAB9 /* SecureAuthSampleAppTests.xctest */ = {isa = PBXFileReference; explicitFileType = wrapper.cfbundle; includeInIndex = 0; path = SecureAuthSampleAppTests.xctest; sourceTree = BUILT_PRODUCTS_DIR; };
		BE03D8EA2FC44EAA0078AAB9 /* SecureAuthSampleAppUITests.xctest */ = {isa = PBXFileReference; explicitFileType = wrapper.cfbundle; includeInIndex = 0; path = SecureAuthSampleAppUITests.xctest; sourceTree = BUILT_PRODUCTS_DIR; };
/* End PBXFileReference section */

/* Begin PBXFileSystemSynchronizedRootGroup section */
		BE03D8D52FC44EA90078AAB9 /* SecureAuthSampleApp */ = {
			isa = PBXFileSystemSynchronizedRootGroup;
			path = SecureAuthSampleApp;
			sourceTree = "<group>";
		};
		BE03D8E32FC44EAA0078AAB9 /* SecureAuthSampleAppTests */ = {
			isa = PBXFileSystemSynchronizedRootGroup;
			path = SecureAuthSampleAppTests;
			sourceTree = "<group>";
		};
		BE03D8ED2FC44EAA0078AAB9 /* SecureAuthSampleAppUITests */ = {
			isa = PBXFileSystemSynchronizedRootGroup;
			path = SecureAuthSampleAppUITests;
			sourceTree = "<group>";
		};
/* End PBXFileSystemSynchronizedRootGroup section */

/* Begin PBXFrameworksBuildPhase section */
		BE03D8D02FC44EA90078AAB9 /* Frameworks */ = {
			isa = PBXFrameworksBuildPhase;
			buildActionMask = 2147483647;
			files = (
			);
			runOnlyForDeploymentPostprocessing = 0;
		};
		BE03D8DD2FC44EAA0078AAB9 /* Frameworks */ = {
			isa = PBXFrameworksBuildPhase;
			buildActionMask = 2147483647;
			files = (
			);
			runOnlyForDeploymentPostprocessing = 0;
		};
		BE03D8E72FC44EAA0078AAB9 /* Frameworks */ = {
			isa = PBXFrameworksBuildPhase;
			buildActionMask = 2147483647;
			files = (
			);
			runOnlyForDeploymentPostprocessing = 0;
		};
/* End PBXFrameworksBuildPhase section */

/* Begin PBXGroup section */
		BE03D8CA2FC44EA90078AAB9 = {
			isa = PBXGroup;
			children = (
				BE03D8D52FC44EA90078AAB9 /* SecureAuthSampleApp */,
				BE03D8E32FC44EAA0078AAB9 /* SecureAuthSampleAppTests */,
				BE03D8ED2FC44EAA0078AAB9 /* SecureAuthSampleAppUITests */,
				BE03D8D42FC44EA90078AAB9 /* Products */,
			);
			sourceTree = "<group>";
		};
		BE03D8D42FC44EA90078AAB9 /* Products */ = {
			isa = PBXGroup;
			children = (
				BE03D8D32FC44EA90078AAB9 /* SecureAuthSampleApp.app */,
				BE03D8E02FC44EAA0078AAB9 /* SecureAuthSampleAppTests.xctest */,
				BE03D8EA2FC44EAA0078AAB9 /* SecureAuthSampleAppUITests.xctest */,
			);
			name = Products;
			sourceTree = "<group>";
		};
/* End PBXGroup section */

/* Begin PBXNativeTarget section */
		BE03D8D22FC44EA90078AAB9 /* SecureAuthSampleApp */ = {
			isa = PBXNativeTarget;
			buildConfigurationList = BE03D8F42FC44EAA0078AAB9 /* Build configuration list for PBXNativeTarget "SecureAuthSampleApp" */;
			buildPhases = (
				BE03D8CF2FC44EA90078AAB9 /* Sources */,
				BE03D8D02FC44EA90078AAB9 /* Frameworks */,
				BE03D8D12FC44EA90078AAB9 /* Resources */,
			);
			buildRules = (
			);
			dependencies = (
			);
			fileSystemSynchronizedGroups = (
				BE03D8D52FC44EA90078AAB9 /* SecureAuthSampleApp */,
			);
			name = SecureAuthSampleApp;
			packageProductDependencies = (
			);
			productName = SecureAuthSampleApp;
			productReference = BE03D8D32FC44EA90078AAB9 /* SecureAuthSampleApp.app */;
			productType = "com.apple.product-type.application";
		};
		BE03D8DF2FC44EAA0078AAB9 /* SecureAuthSampleAppTests */ = {
			isa = PBXNativeTarget;
			buildConfigurationList = BE03D8F72FC44EAA0078AAB9 /* Build configuration list for PBXNativeTarget "SecureAuthSampleAppTests" */;
			buildPhases = (
				BE03D8DC2FC44EAA0078AAB9 /* Sources */,
				BE03D8DD2FC44EAA0078AAB9 /* Frameworks */,
				BE03D8DE2FC44EAA0078AAB9 /* Resources */,
			);
			buildRules = (
			);
			dependencies = (
				BE03D8E22FC44EAA0078AAB9 /* PBXTargetDependency */,
			);
			fileSystemSynchronizedGroups = (
				BE03D8E32FC44EAA0078AAB9 /* SecureAuthSampleAppTests */,
			);
			name = SecureAuthSampleAppTests;
			packageProductDependencies = (
			);
			productName = SecureAuthSampleAppTests;
			productReference = BE03D8E02FC44EAA0078AAB9 /* SecureAuthSampleAppTests.xctest */;
			productType = "com.apple.product-type.bundle.unit-test";
		};
		BE03D8E92FC44EAA0078AAB9 /* SecureAuthSampleAppUITests */ = {
			isa = PBXNativeTarget;
			buildConfigurationList = BE03D8FA2FC44EAA0078AAB9 /* Build configuration list for PBXNativeTarget "SecureAuthSampleAppUITests" */;
			buildPhases = (
				BE03D8E62FC44EAA0078AAB9 /* Sources */,
				BE03D8E72FC44EAA0078AAB9 /* Frameworks */,
				BE03D8E82FC44EAA0078AAB9 /* Resources */,
			);
			buildRules = (
			);
			dependencies = (
				BE03D8EC2FC44EAA0078AAB9 /* PBXTargetDependency */,
			);
			fileSystemSynchronizedGroups = (
				BE03D8ED2FC44EAA0078AAB9 /* SecureAuthSampleAppUITests */,
			);
			name = SecureAuthSampleAppUITests;
			packageProductDependencies = (
			);
			productName = SecureAuthSampleAppUITests;
			productReference = BE03D8EA2FC44EAA0078AAB9 /* SecureAuthSampleAppUITests.xctest */;
			productType = "com.apple.product-type.bundle.ui-testing";
		};
/* End PBXNativeTarget section */

/* Begin PBXProject section */
		BE03D8CB2FC44EA90078AAB9 /* Project object */ = {
			isa = PBXProject;
			attributes = {
				BuildIndependentTargetsInParallel = 1;
				LastSwiftUpdateCheck = 2650;
				LastUpgradeCheck = 2650;
				TargetAttributes = {
					BE03D8D22FC44EA90078AAB9 = {
						CreatedOnToolsVersion = 26.5;
					};
					BE03D8DF2FC44EAA0078AAB9 = {
						CreatedOnToolsVersion = 26.5;
						TestTargetID = BE03D8D22FC44EA90078AAB9;
					};
					BE03D8E92FC44EAA0078AAB9 = {
						CreatedOnToolsVersion = 26.5;
						TestTargetID = BE03D8D22FC44EA90078AAB9;
					};
				};
			};
			buildConfigurationList = BE03D8CE2FC44EA90078AAB9 /* Build configuration list for PBXProject "SecureAuthSampleApp" */;
			developmentRegion = en;
			hasScannedForEncodings = 0;
			knownRegions = (
				en,
				Base,
			);
			mainGroup = BE03D8CA2FC44EA90078AAB9;
			minimizedProjectReferenceProxies = 1;
			preferredProjectObjectVersion = 77;
			productRefGroup = BE03D8D42FC44EA90078AAB9 /* Products */;
			projectDirPath = "";
			projectRoot = "";
			targets = (
				BE03D8D22FC44EA90078AAB9 /* SecureAuthSampleApp */,
				BE03D8DF2FC44EAA0078AAB9 /* SecureAuthSampleAppTests */,
				BE03D8E92FC44EAA0078AAB9 /* SecureAuthSampleAppUITests */,
			);
		};
/* End PBXProject section */

/* Begin PBXResourcesBuildPhase section */
		BE03D8D12FC44EA90078AAB9 /* Resources */ = {
			isa = PBXResourcesBuildPhase;
			buildActionMask = 2147483647;
			files = (
			);
			runOnlyForDeploymentPostprocessing = 0;
		};
		BE03D8DE2FC44EAA0078AAB9 /* Resources */ = {
			isa = PBXResourcesBuildPhase;
			buildActionMask = 2147483647;
			files = (
			);
			runOnlyForDeploymentPostprocessing = 0;
		};
		BE03D8E82FC44EAA0078AAB9 /* Resources */ = {
			isa = PBXResourcesBuildPhase;
			buildActionMask = 2147483647;
			files = (
			);
			runOnlyForDeploymentPostprocessing = 0;
		};
/* End PBXResourcesBuildPhase section */

/* Begin PBXSourcesBuildPhase section */
		BE03D8CF2FC44EA90078AAB9 /* Sources */ = {
			isa = PBXSourcesBuildPhase;
			buildActionMask = 2147483647;
			files = (
			);
			runOnlyForDeploymentPostprocessing = 0;
		};
		BE03D8DC2FC44EAA0078AAB9 /* Sources */ = {
			isa = PBXSourcesBuildPhase;
			buildActionMask = 2147483647;
			files = (
			);
			runOnlyForDeploymentPostprocessing = 0;
		};
		BE03D8E62FC44EAA0078AAB9 /* Sources */ = {
			isa = PBXSourcesBuildPhase;
			buildActionMask = 2147483647;
			files = (
			);
			runOnlyForDeploymentPostprocessing = 0;
		};
/* End PBXSourcesBuildPhase section */

/* Begin PBXTargetDependency section */
		BE03D8E22FC44EAA0078AAB9 /* PBXTargetDependency */ = {
			isa = PBXTargetDependency;
			target = BE03D8D22FC44EA90078AAB9 /* SecureAuthSampleApp */;
			targetProxy = BE03D8E12FC44EAA0078AAB9 /* PBXContainerItemProxy */;
		};
		BE03D8EC2FC44EAA0078AAB9 /* PBXTargetDependency */ = {
			isa = PBXTargetDependency;
			target = BE03D8D22FC44EA90078AAB9 /* SecureAuthSampleApp */;
			targetProxy = BE03D8EB2FC44EAA0078AAB9 /* PBXContainerItemProxy */;
		};
/* End PBXTargetDependency section */

/* Begin XCBuildConfiguration section */
		BE03D8F22FC44EAA0078AAB9 /* Debug */ = {
			isa = XCBuildConfiguration;
			buildSettings = {
				ALWAYS_SEARCH_USER_PATHS = NO;
				ASSETCATALOG_COMPILER_GENERATE_SWIFT_ASSET_SYMBOL_EXTENSIONS = YES;
				CLANG_ANALYZER_NONNULL = YES;
				CLANG_ANALYZER_NUMBER_OBJECT_CONVERSION = YES_AGGRESSIVE;
				CLANG_CXX_LANGUAGE_STANDARD = "gnu++20";
				CLANG_ENABLE_MODULES = YES;
				CLANG_ENABLE_OBJC_ARC = YES;
				CLANG_ENABLE_OBJC_WEAK = YES;
				CLANG_WARN_BLOCK_CAPTURE_AUTORELEASING = YES;
				CLANG_WARN_BOOL_CONVERSION = YES;
				CLANG_WARN_COMMA = YES;
				CLANG_WARN_CONSTANT_CONVERSION = YES;
				CLANG_WARN_DEPRECATED_OBJC_IMPLEMENTATIONS = YES;
				CLANG_WARN_DIRECT_OBJC_ISA_USAGE = YES_ERROR;
				CLANG_WARN_DOCUMENTATION_COMMENTS = YES;
				CLANG_WARN_EMPTY_BODY = YES;
				CLANG_WARN_ENUM_CONVERSION = YES;
				CLANG_WARN_INFINITE_RECURSION = YES;
				CLANG_WARN_INT_CONVERSION = YES;
				CLANG_WARN_NON_LITERAL_NULL_CONVERSION = YES;
				CLANG_WARN_OBJC_IMPLICIT_RETAIN_SELF = YES;
				CLANG_WARN_OBJC_LITERAL_CONVERSION = YES;
				CLANG_WARN_OBJC_ROOT_CLASS = YES_ERROR;
				CLANG_WARN_QUOTED_INCLUDE_IN_FRAMEWORK_HEADER = YES;
				CLANG_WARN_RANGE_LOOP_ANALYSIS = YES;
				CLANG_WARN_STRICT_PROTOTYPES = YES;
				CLANG_WARN_SUSPICIOUS_MOVE = YES;
				CLANG_WARN_UNGUARDED_AVAILABILITY = YES_AGGRESSIVE;
				CLANG_WARN_UNREACHABLE_CODE = YES;
				CLANG_WARN__DUPLICATE_METHOD_MATCH = YES;
				COPY_PHASE_STRIP = NO;
				DEBUG_INFORMATION_FORMAT = dwarf;
				ENABLE_STRICT_OBJC_MSGSEND = YES;
				ENABLE_TESTABILITY = YES;
				ENABLE_USER_SCRIPT_SANDBOXING = YES;
				GCC_C_LANGUAGE_STANDARD = gnu17;
				GCC_DYNAMIC_NO_PIC = NO;
				GCC_NO_COMMON_BLOCKS = YES;
				GCC_OPTIMIZATION_LEVEL = 0;
				GCC_PREPROCESSOR_DEFINITIONS = (
					"DEBUG=1",
					"$(inherited)",
				);
				GCC_WARN_64_TO_32_BIT_CONVERSION = YES;
				GCC_WARN_ABOUT_RETURN_TYPE = YES_ERROR;
				GCC_WARN_UNDECLARED_SELECTOR = YES;
				GCC_WARN_UNINITIALIZED_AUTOS = YES_AGGRESSIVE;
				GCC_WARN_UNUSED_FUNCTION = YES;
				GCC_WARN_UNUSED_VARIABLE = YES;
				IPHONEOS_DEPLOYMENT_TARGET = 26.5;
				LOCALIZATION_PREFERS_STRING_CATALOGS = YES;
				MTL_ENABLE_DEBUG_INFO = INCLUDE_SOURCE;
				MTL_FAST_MATH = YES;
				ONLY_ACTIVE_ARCH = YES;
				SDKROOT = iphoneos;
				SWIFT_ACTIVE_COMPILATION_CONDITIONS = "DEBUG $(inherited)";
				SWIFT_OPTIMIZATION_LEVEL = "-Onone";
			};
			name = Debug;
		};
		BE03D8F32FC44EAA0078AAB9 /* Release */ = {
			isa = XCBuildConfiguration;
			buildSettings = {
				ALWAYS_SEARCH_USER_PATHS = NO;
				ASSETCATALOG_COMPILER_GENERATE_SWIFT_ASSET_SYMBOL_EXTENSIONS = YES;
				CLANG_ANALYZER_NONNULL = YES;
				CLANG_ANALYZER_NUMBER_OBJECT_CONVERSION = YES_AGGRESSIVE;
				CLANG_CXX_LANGUAGE_STANDARD = "gnu++20";
				CLANG_ENABLE_MODULES = YES;
				CLANG_ENABLE_OBJC_ARC = YES;
				CLANG_ENABLE_OBJC_WEAK = YES;
				CLANG_WARN_BLOCK_CAPTURE_AUTORELEASING = YES;
				CLANG_WARN_BOOL_CONVERSION = YES;
				CLANG_WARN_COMMA = YES;
				CLANG_WARN_CONSTANT_CONVERSION = YES;
				CLANG_WARN_DEPRECATED_OBJC_IMPLEMENTATIONS = YES;
				CLANG_WARN_DIRECT_OBJC_ISA_USAGE = YES_ERROR;
				CLANG_WARN_DOCUMENTATION_COMMENTS = YES;
				CLANG_WARN_EMPTY_BODY = YES;
				CLANG_WARN_ENUM_CONVERSION = YES;
				CLANG_WARN_INFINITE_RECURSION = YES;
				CLANG_WARN_INT_CONVERSION = YES;
				CLANG_WARN_NON_LITERAL_NULL_CONVERSION = YES;
				CLANG_WARN_OBJC_IMPLICIT_RETAIN_SELF = YES;
				CLANG_WARN_OBJC_LITERAL_CONVERSION = YES;
				CLANG_WARN_OBJC_ROOT_CLASS = YES_ERROR;
				CLANG_WARN_QUOTED_INCLUDE_IN_FRAMEWORK_HEADER = YES;
				CLANG_WARN_RANGE_LOOP_ANALYSIS = YES;
				CLANG_WARN_STRICT_PROTOTYPES = YES;
				CLANG_WARN_SUSPICIOUS_MOVE = YES;
				CLANG_WARN_UNGUARDED_AVAILABILITY = YES_AGGRESSIVE;
				CLANG_WARN_UNREACHABLE_CODE = YES;
				CLANG_WARN__DUPLICATE_METHOD_MATCH = YES;
				COPY_PHASE_STRIP = NO;
				DEBUG_INFORMATION_FORMAT = "dwarf-with-dsym";
				ENABLE_NS_ASSERTIONS = NO;
				ENABLE_STRICT_OBJC_MSGSEND = YES;
				ENABLE_USER_SCRIPT_SANDBOXING = YES;
				GCC_C_LANGUAGE_STANDARD = gnu17;
				GCC_NO_COMMON_BLOCKS = YES;
				GCC_WARN_64_TO_32_BIT_CONVERSION = YES;
				GCC_WARN_ABOUT_RETURN_TYPE = YES_ERROR;
				GCC_WARN_UNDECLARED_SELECTOR = YES;
				GCC_WARN_UNINITIALIZED_AUTOS = YES_AGGRESSIVE;
				GCC_WARN_UNUSED_FUNCTION = YES;
				GCC_WARN_UNUSED_VARIABLE = YES;
				IPHONEOS_DEPLOYMENT_TARGET = 26.5;
				LOCALIZATION_PREFERS_STRING_CATALOGS = YES;
				MTL_ENABLE_DEBUG_INFO = NO;
				MTL_FAST_MATH = YES;
				SDKROOT = iphoneos;
				SWIFT_COMPILATION_MODE = wholemodule;
				VALIDATE_PRODUCT = YES;
			};
			name = Release;
		};
		BE03D8F52FC44EAA0078AAB9 /* Debug */ = {
			isa = XCBuildConfiguration;
			buildSettings = {
				ASSETCATALOG_COMPILER_APPICON_NAME = AppIcon;
				ASSETCATALOG_COMPILER_GLOBAL_ACCENT_COLOR_NAME = AccentColor;
				CODE_SIGN_STYLE = Automatic;
				CURRENT_PROJECT_VERSION = 1;
				DEVELOPMENT_TEAM = 9ANYU274JT;
				ENABLE_PREVIEWS = YES;
				GENERATE_INFOPLIST_FILE = YES;
				INFOPLIST_KEY_NSFaceIDUsageDescription = "We use Face ID to authenticate you securely.";
				INFOPLIST_KEY_UIApplicationSceneManifest_Generation = YES;
				INFOPLIST_KEY_UIApplicationSupportsIndirectInputEvents = YES;
				INFOPLIST_KEY_UILaunchScreen_Generation = YES;
				INFOPLIST_KEY_UISupportedInterfaceOrientations_iPad = "UIInterfaceOrientationPortrait UIInterfaceOrientationPortraitUpsideDown UIInterfaceOrientationLandscapeLeft UIInterfaceOrientationLandscapeRight";
				INFOPLIST_KEY_UISupportedInterfaceOrientations_iPhone = "UIInterfaceOrientationPortrait UIInterfaceOrientationLandscapeLeft UIInterfaceOrientationLandscapeRight";
				IPHONEOS_DEPLOYMENT_TARGET = 18.6;
				LD_RUNPATH_SEARCH_PATHS = (
					"$(inherited)",
					"@executable_path/Frameworks",
				);
				MARKETING_VERSION = 1.0;
				PRODUCT_BUNDLE_IDENTIFIER = com..SecureAuthSampleApp;
				PRODUCT_NAME = "$(TARGET_NAME)";
				STRING_CATALOG_GENERATE_SYMBOLS = YES;
				SWIFT_APPROACHABLE_CONCURRENCY = YES;
				SWIFT_DEFAULT_ACTOR_ISOLATION = MainActor;
				SWIFT_EMIT_LOC_STRINGS = YES;
				SWIFT_UPCOMING_FEATURE_MEMBER_IMPORT_VISIBILITY = YES;
				SWIFT_VERSION = 5.0;
				TARGETED_DEVICE_FAMILY = "1,2";
			};
			name = Debug;
		};
		BE03D8F62FC44EAA0078AAB9 /* Release */ = {
			isa = XCBuildConfiguration;
			buildSettings = {
				ASSETCATALOG_COMPILER_APPICON_NAME = AppIcon;
				ASSETCATALOG_COMPILER_GLOBAL_ACCENT_COLOR_NAME = AccentColor;
				CODE_SIGN_STYLE = Automatic;
				CURRENT_PROJECT_VERSION = 1;
				DEVELOPMENT_TEAM = 9ANYU274JT;
				ENABLE_PREVIEWS = YES;
				GENERATE_INFOPLIST_FILE = YES;
				INFOPLIST_KEY_NSFaceIDUsageDescription = "We use Face ID to authenticate you securely.";
				INFOPLIST_KEY_UIApplicationSceneManifest_Generation = YES;
				INFOPLIST_KEY_UIApplicationSupportsIndirectInputEvents = YES;
				INFOPLIST_KEY_UILaunchScreen_Generation = YES;
				INFOPLIST_KEY_UISupportedInterfaceOrientations_iPad = "UIInterfaceOrientationPortrait UIInterfaceOrientationPortraitUpsideDown UIInterfaceOrientationLandscapeLeft UIInterfaceOrientationLandscapeRight";
				INFOPLIST_KEY_UISupportedInterfaceOrientations_iPhone = "UIInterfaceOrientationPortrait UIInterfaceOrientationLandscapeLeft UIInterfaceOrientationLandscapeRight";
				IPHONEOS_DEPLOYMENT_TARGET = 18.6;
				LD_RUNPATH_SEARCH_PATHS = (
					"$(inherited)",
					"@executable_path/Frameworks",
				);
				MARKETING_VERSION = 1.0;
				PRODUCT_BUNDLE_IDENTIFIER = com..SecureAuthSampleApp;
				PRODUCT_NAME = "$(TARGET_NAME)";
				STRING_CATALOG_GENERATE_SYMBOLS = YES;
				SWIFT_APPROACHABLE_CONCURRENCY = YES;
				SWIFT_DEFAULT_ACTOR_ISOLATION = MainActor;
				SWIFT_EMIT_LOC_STRINGS = YES;
				SWIFT_UPCOMING_FEATURE_MEMBER_IMPORT_VISIBILITY = YES;
				SWIFT_VERSION = 5.0;
				TARGETED_DEVICE_FAMILY = "1,2";
			};
			name = Release;
		};
		BE03D8F82FC44EAA0078AAB9 /* Debug */ = {
			isa = XCBuildConfiguration;
			buildSettings = {
				BUNDLE_LOADER = "$(TEST_HOST)";
				CODE_SIGN_STYLE = Automatic;
				CURRENT_PROJECT_VERSION = 1;
				GENERATE_INFOPLIST_FILE = YES;
				IPHONEOS_DEPLOYMENT_TARGET = 26.5;
				MARKETING_VERSION = 1.0;
				PRODUCT_BUNDLE_IDENTIFIER = com..SecureAuthSampleAppTests;
				PRODUCT_NAME = "$(TARGET_NAME)";
				STRING_CATALOG_GENERATE_SYMBOLS = NO;
				SWIFT_APPROACHABLE_CONCURRENCY = YES;
				SWIFT_EMIT_LOC_STRINGS = NO;
				SWIFT_UPCOMING_FEATURE_MEMBER_IMPORT_VISIBILITY = YES;
				SWIFT_VERSION = 5.0;
				TARGETED_DEVICE_FAMILY = "1,2";
				TEST_HOST = "$(BUILT_PRODUCTS_DIR)/SecureAuthSampleApp.app/$(BUNDLE_EXECUTABLE_FOLDER_PATH)/SecureAuthSampleApp";
			};
			name = Debug;
		};
		BE03D8F92FC44EAA0078AAB9 /* Release */ = {
			isa = XCBuildConfiguration;
			buildSettings = {
				BUNDLE_LOADER = "$(TEST_HOST)";
				CODE_SIGN_STYLE = Automatic;
				CURRENT_PROJECT_VERSION = 1;
				GENERATE_INFOPLIST_FILE = YES;
				IPHONEOS_DEPLOYMENT_TARGET = 26.5;
				MARKETING_VERSION = 1.0;
				PRODUCT_BUNDLE_IDENTIFIER = com..SecureAuthSampleAppTests;
				PRODUCT_NAME = "$(TARGET_NAME)";
				STRING_CATALOG_GENERATE_SYMBOLS = NO;
				SWIFT_APPROACHABLE_CONCURRENCY = YES;
				SWIFT_EMIT_LOC_STRINGS = NO;
				SWIFT_UPCOMING_FEATURE_MEMBER_IMPORT_VISIBILITY = YES;
				SWIFT_VERSION = 5.0;
				TARGETED_DEVICE_FAMILY = "1,2";
				TEST_HOST = "$(BUILT_PRODUCTS_DIR)/SecureAuthSampleApp.app/$(BUNDLE_EXECUTABLE_FOLDER_PATH)/SecureAuthSampleApp";
			};
			name = Release;
		};
		BE03D8FB2FC44EAA0078AAB9 /* Debug */ = {
			isa = XCBuildConfiguration;
			buildSettings = {
				CODE_SIGN_STYLE = Automatic;
				CURRENT_PROJECT_VERSION = 1;
				GENERATE_INFOPLIST_FILE = YES;
				MARKETING_VERSION = 1.0;
				PRODUCT_BUNDLE_IDENTIFIER = com..SecureAuthSampleAppUITests;
				PRODUCT_NAME = "$(TARGET_NAME)";
				STRING_CATALOG_GENERATE_SYMBOLS = NO;
				SWIFT_APPROACHABLE_CONCURRENCY = YES;
				SWIFT_EMIT_LOC_STRINGS = NO;
				SWIFT_UPCOMING_FEATURE_MEMBER_IMPORT_VISIBILITY = YES;
				SWIFT_VERSION = 5.0;
				TARGETED_DEVICE_FAMILY = "1,2";
				TEST_TARGET_NAME = SecureAuthSampleApp;
			};
			name = Debug;
		};
		BE03D8FC2FC44EAA0078AAB9 /* Release */ = {
			isa = XCBuildConfiguration;
			buildSettings = {
				CODE_SIGN_STYLE = Automatic;
				CURRENT_PROJECT_VERSION = 1;
				GENERATE_INFOPLIST_FILE = YES;
				MARKETING_VERSION = 1.0;
				PRODUCT_BUNDLE_IDENTIFIER = com..SecureAuthSampleAppUITests;
				PRODUCT_NAME = "$(TARGET_NAME)";
				STRING_CATALOG_GENERATE_SYMBOLS = NO;
				SWIFT_APPROACHABLE_CONCURRENCY = YES;
				SWIFT_EMIT_LOC_STRINGS = NO;
				SWIFT_UPCOMING_FEATURE_MEMBER_IMPORT_VISIBILITY = YES;
				SWIFT_VERSION = 5.0;
				TARGETED_DEVICE_FAMILY = "1,2";
				TEST_TARGET_NAME = SecureAuthSampleApp;
			};
			name = Release;
		};
/* End XCBuildConfiguration section */

/* Begin XCConfigurationList section */
		BE03D8CE2FC44EA90078AAB9 /* Build configuration list for PBXProject "SecureAuthSampleApp" */ = {
			isa = XCConfigurationList;
			buildConfigurations = (
				BE03D8F22FC44EAA0078AAB9 /* Debug */,
				BE03D8F32FC44EAA0078AAB9 /* Release */,
			);
			defaultConfigurationIsVisible = 0;
			defaultConfigurationName = Release;
		};
		BE03D8F42FC44EAA0078AAB9 /* Build configuration list for PBXNativeTarget "SecureAuthSampleApp" */ = {
			isa = XCConfigurationList;
			buildConfigurations = (
				BE03D8F52FC44EAA0078AAB9 /* Debug */,
				BE03D8F62FC44EAA0078AAB9 /* Release */,
			);
			defaultConfigurationIsVisible = 0;
			defaultConfigurationName = Release;
		};
		BE03D8F72FC44EAA0078AAB9 /* Build configuration list for PBXNativeTarget "SecureAuthSampleAppTests" */ = {
			isa = XCConfigurationList;
			buildConfigurations = (
				BE03D8F82FC44EAA0078AAB9 /* Debug */,
				BE03D8F92FC44EAA0078AAB9 /* Release */,
			);
			defaultConfigurationIsVisible = 0;
			defaultConfigurationName = Release;
		};
		BE03D8FA2FC44EAA0078AAB9 /* Build configuration list for PBXNativeTarget "SecureAuthSampleAppUITests" */ = {
			isa = XCConfigurationList;
			buildConfigurations = (
				BE03D8FB2FC44EAA0078AAB9 /* Debug */,
				BE03D8FC2FC44EAA0078AAB9 /* Release */,
			);
			defaultConfigurationIsVisible = 0;
			defaultConfigurationName = Release;
		};
/* End XCConfigurationList section */
	};
	rootObject = BE03D8CB2FC44EA90078AAB9 /* Project object */;
}
